
Microsoft Visual Studio Solution File, Format Version 12.00
# Visual Studio 15
Project("{FAE04EC0-301F-11D3-BF4B-00C04F79EFBC}") = "Fall Bird Remake", "Assembly-CSharp.csproj", "{A7AF991B-25E2-0296-FC7A-C20A567539DB}"
EndProject
Global
	GlobalSection(SolutionConfigurationPlatforms) = preSolution
		Debug|Any CPU = Debug|Any CPU
		Release|Any CPU = Release|Any CPU
	EndGlobalSection
	GlobalSection(ProjectConfigurationPlatforms) = postSolution
		{A7AF991B-25E2-0296-FC7A-C20A567539DB}.Debug|Any CPU.ActiveCfg = Debug|Any CPU
		{A7AF991B-25E2-0296-FC7A-C20A567539DB}.Debug|Any CPU.Build.0 = Debug|Any CPU
		{A7AF991B-25E2-0296-FC7A-C20A567539DB}.Release|Any CPU.ActiveCfg = Release|Any CPU
		{A7AF991B-25E2-0296-FC7A-C20A567539DB}.Release|Any CPU.Build.0 = Release|Any CPU
	EndGlobalSection
	GlobalSection(SolutionProperties) = preSolution
		HideSolutionNode = FALSE
	EndGlobalSection
EndGlobal
